
Microsoft Visual Studio Solution File, Format Version 12.00
# Visual Studio Version 17
VisualStudioVersion = 17.11.35312.102
MinimumVisualStudioVersion = 10.0.40219.1
Project("{FAE04EC0-301F-11D3-BF4B-00C04F79EFBC}") = "Pr-1-1", "Pr-1-1\Pr-1-1.csproj", "{5CC1BA58-3B70-494A-98DA-33F6D7A183A2}"
EndProject
Global
	GlobalSection(SolutionConfigurationPlatforms) = preSolution
		Debug|Any CPU = Debug|Any CPU
		Release|Any CPU = Release|Any CPU
	EndGlobalSection
	GlobalSection(ProjectConfigurationPlatforms) = postSolution
		{5CC1BA58-3B70-494A-98DA-33F6D7A183A2}.Debug|Any CPU.ActiveCfg = Debug|Any CPU
		{5CC1BA58-3B70-494A-98DA-33F6D7A183A2}.Debug|Any CPU.Build.0 = Debug|Any CPU
		{5CC1BA58-3B70-494A-98DA-33F6D7A183A2}.Release|Any CPU.ActiveCfg = Release|Any CPU
		{5CC1BA58-3B70-494A-98DA-33F6D7A183A2}.Release|Any CPU.Build.0 = Release|Any CPU
	EndGlobalSection
	GlobalSection(SolutionProperties) = preSolution
		HideSolutionNode = FALSE
	EndGlobalSection
	GlobalSection(ExtensibilityGlobals) = postSolution
		SolutionGuid = {7F6CE68B-4A26-42D3-9453-2A8732C28CE7}
	EndGlobalSection
EndGlobal
